// !$*UTF8*$!
{
	archiveVersion = 1;
	classes = {
	};
	objectVersion = 48;
	objects = {

/* Begin PBXBuildFile section */
		E975FE301FDE984500C6F640 /* Alamofire.framework in Frameworks */ = {isa = PBXBuildFile; fileRef = E975FE2F1FDE984500C6F640 /* Alamofire.framework */; };
		E9D94AE81FDDCA4600C2A284 /* AppDelegate.swift in Sources */ = {isa = PBXBuildFile; fileRef = E9D94AE71FDDCA4600C2A284 /* AppDelegate.swift */; };
		E9D94AEA1FDDCA4600C2A284 /* NewsListViewController.swift in Sources */ = {isa = PBXBuildFile; fileRef = E9D94AE91FDDCA4600C2A284 /* NewsListViewController.swift */; };
		E9D94AED1FDDCA4600C2A284 /* Main.storyboard in Resources */ = {isa = PBXBuildFile; fileRef = E9D94AEB1FDDCA4600C2A284 /* Main.storyboard */; };
		E9D94AF01FDDCA4600C2A284 /* Swifty_Hacker_News.xcdatamodeld in Sources */ = {isa = PBXBuildFile; fileRef = E9D94AEE1FDDCA4600C2A284 /* Swifty_Hacker_News.xcdatamodeld */; };
		E9D94AF21FDDCA4600C2A284 /* Assets.xcassets in Resources */ = {isa = PBXBuildFile; fileRef = E9D94AF11FDDCA4600C2A284 /* Assets.xcassets */; };
		E9D94AF51FDDCA4600C2A284 /* LaunchScreen.storyboard in Resources */ = {isa = PBXBuildFile; fileRef = E9D94AF31FDDCA4600C2A284 /* LaunchScreen.storyboard */; };
		E9D94B001FDDCF4E00C2A284 /* HackerNewsApi.swift in Sources */ = {isa = PBXBuildFile; fileRef = E9D94AFF1FDDCF4E00C2A284 /* HackerNewsApi.swift */; };
/* End PBXBuildFile section */

/* Begin PBXFileReference section */
		E975FE2F1FDE984500C6F640 /* Alamofire.framework */ = {isa = PBXFileReference; lastKnownFileType = wrapper.framework; name = Alamofire.framework; path = Carthage/Build/iOS/Alamofire.framework; sourceTree = "<group>"; };
		E9D94AE41FDDCA4600C2A284 /* Swifty-Hacker-News.app */ = {isa = PBXFileReference; explicitFileType = wrapper.application; includeInIndex = 0; path = "Swifty-Hacker-News.app"; sourceTree = BUILT_PRODUCTS_DIR; };
		E9D94AE71FDDCA4600C2A284 /* AppDelegate.swift */ = {isa = PBXFileReference; lastKnownFileType = sourcecode.swift; path = AppDelegate.swift; sourceTree = "<group>"; };
		E9D94AE91FDDCA4600C2A284 /* NewsListViewController.swift */ = {isa = PBXFileReference; lastKnownFileType = sourcecode.swift; path = NewsListViewController.swift; sourceTree = "<group>"; };
		E9D94AEC1FDDCA4600C2A284 /* Base */ = {isa = PBXFileReference; lastKnownFileType = file.storyboard; name = Base; path = Base.lproj/Main.storyboard; sourceTree = "<group>"; };
		E9D94AEF1FDDCA4600C2A284 /* Swifty_Hacker_News.xcdatamodel */ = {isa = PBXFileReference; lastKnownFileType = wrapper.xcdatamodel; path = Swifty_Hacker_News.xcdatamodel; sourceTree = "<group>"; };
		E9D94AF11FDDCA4600C2A284 /* Assets.xcassets */ = {isa = PBXFileReference; lastKnownFileType = folder.assetcatalog; path = Assets.xcassets; sourceTree = "<group>"; };
		E9D94AF41FDDCA4600C2A284 /* Base */ = {isa = PBXFileReference; lastKnownFileType = file.storyboard; name = Base; path = Base.lproj/LaunchScreen.storyboard; sourceTree = "<group>"; };
		E9D94AF61FDDCA4600C2A284 /* Info.plist */ = {isa = PBXFileReference; lastKnownFileType = text.plist.xml; path = Info.plist; sourceTree = "<group>"; };
		E9D94AFF1FDDCF4E00C2A284 /* HackerNewsApi.swift */ = {isa = PBXFileReference; lastKnownFileType = sourcecode.swift; path = HackerNewsApi.swift; sourceTree = "<group>"; };
/* End PBXFileReference section */

/* Begin PBXFrameworksBuildPhase section */
		E9D94AE11FDDCA4600C2A284 /* Frameworks */ = {
			isa = PBXFrameworksBuildPhase;
			buildActionMask = 2147483647;
			files = (
				E975FE301FDE984500C6F640 /* Alamofire.framework in Frameworks */,
			);
			runOnlyForDeploymentPostprocessing = 0;
		};
/* End PBXFrameworksBuildPhase section */

/* Begin PBXGroup section */
		E975FE2E1FDE984500C6F640 /* Frameworks */ = {
			isa = PBXGroup;
			children = (
				E975FE2F1FDE984500C6F640 /* Alamofire.framework */,
			);
			name = Frameworks;
			sourceTree = "<group>";
		};
		E9D94ADB1FDDCA4600C2A284 = {
			isa = PBXGroup;
			children = (
				E9D94AE61FDDCA4600C2A284 /* Swifty-Hacker-News */,
				E9D94AE51FDDCA4600C2A284 /* Products */,
				E975FE2E1FDE984500C6F640 /* Frameworks */,
			);
			sourceTree = "<group>";
		};
		E9D94AE51FDDCA4600C2A284 /* Products */ = {
			isa = PBXGroup;
			children = (
				E9D94AE41FDDCA4600C2A284 /* Swifty-Hacker-News.app */,
			);
			name = Products;
			sourceTree = "<group>";
		};
		E9D94AE61FDDCA4600C2A284 /* Swifty-Hacker-News */ = {
			isa = PBXGroup;
			children = (
				E9D94AFD1FDDCF0800C2A284 /* UI */,
				E9D94AFC1FDDCEF900C2A284 /* Controllers */,
				E9D94AFE1FDDCF2600C2A284 /* Networking */,
				E9D94AE71FDDCA4600C2A284 /* AppDelegate.swift */,
				E9D94AF61FDDCA4600C2A284 /* Info.plist */,
				E9D94AEE1FDDCA4600C2A284 /* Swifty_Hacker_News.xcdatamodeld */,
			);
			path = "Swifty-Hacker-News";
			sourceTree = "<group>";
		};
		E9D94AFC1FDDCEF900C2A284 /* Controllers */ = {
			isa = PBXGroup;
			children = (
				E9D94AE91FDDCA4600C2A284 /* NewsListViewController.swift */,
			);
			path = Controllers;
			sourceTree = "<group>";
		};
		E9D94AFD1FDDCF0800C2A284 /* UI */ = {
			isa = PBXGroup;
			children = (
				E9D94AF11FDDCA4600C2A284 /* Assets.xcassets */,
				E9D94AF31FDDCA4600C2A284 /* LaunchScreen.storyboard */,
				E9D94AEB1FDDCA4600C2A284 /* Main.storyboard */,
			);
			path = UI;
			sourceTree = "<group>";
		};
		E9D94AFE1FDDCF2600C2A284 /* Networking */ = {
			isa = PBXGroup;
			children = (
				E9D94AFF1FDDCF4E00C2A284 /* HackerNewsApi.swift */,
			);
			path = Networking;
			sourceTree = "<group>";
		};
/* End PBXGroup section */

/* Begin PBXNativeTarget section */
		E9D94AE31FDDCA4600C2A284 /* Swifty-Hacker-News */ = {
			isa = PBXNativeTarget;
			buildConfigurationList = E9D94AF91FDDCA4600C2A284 /* Build configuration list for PBXNativeTarget "Swifty-Hacker-News" */;
			buildPhases = (
				E9D94AE01FDDCA4600C2A284 /* Sources */,
				E9D94AE11FDDCA4600C2A284 /* Frameworks */,
				E9D94AE21FDDCA4600C2A284 /* Resources */,
				E975FE2D1FDE96EF00C6F640 /* Carthage copy Frameworks */,
			);
			buildRules = (
			);
			dependencies = (
			);
			name = "Swifty-Hacker-News";
			productName = "Swifty-Hacker-News";
			productReference = E9D94AE41FDDCA4600C2A284 /* Swifty-Hacker-News.app */;
			productType = "com.apple.product-type.application";
		};
/* End PBXNativeTarget section */

/* Begin PBXProject section */
		E9D94ADC1FDDCA4600C2A284 /* Project object */ = {
			isa = PBXProject;
			attributes = {
				LastSwiftUpdateCheck = 0920;
				LastUpgradeCheck = 0920;
				ORGANIZATIONNAME = "Thomas Durand";
				TargetAttributes = {
					E9D94AE31FDDCA4600C2A284 = {
						CreatedOnToolsVersion = 9.2;
						ProvisioningStyle = Automatic;
					};
				};
			};
			buildConfigurationList = E9D94ADF1FDDCA4600C2A284 /* Build configuration list for PBXProject "Swifty-Hacker-News" */;
			compatibilityVersion = "Xcode 8.0";
			developmentRegion = en;
			hasScannedForEncodings = 0;
			knownRegions = (
				en,
				Base,
			);
			mainGroup = E9D94ADB1FDDCA4600C2A284;
			productRefGroup = E9D94AE51FDDCA4600C2A284 /* Products */;
			projectDirPath = "";
			projectRoot = "";
			targets = (
				E9D94AE31FDDCA4600C2A284 /* Swifty-Hacker-News */,
			);
		};
/* End PBXProject section */

/* Begin PBXResourcesBuildPhase section */
		E9D94AE21FDDCA4600C2A284 /* Resources */ = {
			isa = PBXResourcesBuildPhase;
			buildActionMask = 2147483647;
			files = (
				E9D94AF51FDDCA4600C2A284 /* LaunchScreen.storyboard in Resources */,
				E9D94AF21FDDCA4600C2A284 /* Assets.xcassets in Resources */,
				E9D94AED1FDDCA4600C2A284 /* Main.storyboard in Resources */,
			);
			runOnlyForDeploymentPostprocessing = 0;
		};
/* End PBXResourcesBuildPhase section */

/* Begin PBXShellScriptBuildPhase section */
		E975FE2D1FDE96EF00C6F640 /* Carthage copy Frameworks */ = {
			isa = PBXShellScriptBuildPhase;
			buildActionMask = 2147483647;
			files = (
			);
			inputPaths = (
				"$(PROJECT_DIR)/Carthage/Build/iOS/Alamofire.framework",
			);
			name = "Carthage copy Frameworks";
			outputPaths = (
			);
			runOnlyForDeploymentPostprocessing = 0;
			shellPath = /bin/sh;
			shellScript = "/usr/local/bin/carthage copy-frameworks";
		};
/* End PBXShellScriptBuildPhase section */

/* Begin PBXSourcesBuildPhase section */
		E9D94AE01FDDCA4600C2A284 /* Sources */ = {
			isa = PBXSourcesBuildPhase;
			buildActionMask = 2147483647;
			files = (
				E9D94AEA1FDDCA4600C2A284 /* NewsListViewController.swift in Sources */,
				E9D94AE81FDDCA4600C2A284 /* AppDelegate.swift in Sources */,
				E9D94AF01FDDCA4600C2A284 /* Swifty_Hacker_News.xcdatamodeld in Sources */,
				E9D94B001FDDCF4E00C2A284 /* HackerNewsApi.swift in Sources */,
			);
			runOnlyForDeploymentPostprocessing = 0;
		};
/* End PBXSourcesBuildPhase section */

/* Begin PBXVariantGroup section */
		E9D94AEB1FDDCA4600C2A284 /* Main.storyboard */ = {
			isa = PBXVariantGroup;
			children = (
				E9D94AEC1FDDCA4600C2A284 /* Base */,
			);
			name = Main.storyboard;
			sourceTree = "<group>";
		};
		E9D94AF31FDDCA4600C2A284 /* LaunchScreen.storyboard */ = {
			isa = PBXVariantGroup;
			children = (
				E9D94AF41FDDCA4600C2A284 /* Base */,
			);
			name = LaunchScreen.storyboard;
			sourceTree = "<group>";
		};
/* End PBXVariantGroup section */

/* Begin XCBuildConfiguration section */
		E9D94AF71FDDCA4600C2A284 /* Debug */ = {
			isa = XCBuildConfiguration;
			buildSettings = {
				ALWAYS_SEARCH_USER_PATHS = NO;
				CLANG_ANALYZER_NONNULL = YES;
				CLANG_ANALYZER_NUMBER_OBJECT_CONVERSION = YES_AGGRESSIVE;
				CLANG_CXX_LANGUAGE_STANDARD = "gnu++14";
				CLANG_CXX_LIBRARY = "libc++";
				CLANG_ENABLE_MODULES = YES;
				CLANG_ENABLE_OBJC_ARC = YES;
				CLANG_WARN_BLOCK_CAPTURE_AUTORELEASING = YES;
				CLANG_WARN_BOOL_CONVERSION = YES;
				CLANG_WARN_COMMA = YES;
				CLANG_WARN_CONSTANT_CONVERSION = YES;
				CLANG_WARN_DIRECT_OBJC_ISA_USAGE = YES_ERROR;
				CLANG_WARN_DOCUMENTATION_COMMENTS = YES;
				CLANG_WARN_EMPTY_BODY = YES;
				CLANG_WARN_ENUM_CONVERSION = YES;
				CLANG_WARN_INFINITE_RECURSION = YES;
				CLANG_WARN_INT_CONVERSION = YES;
				CLANG_WARN_NON_LITERAL_NULL_CONVERSION = YES;
				CLANG_WARN_OBJC_LITERAL_CONVERSION = YES;
				CLANG_WARN_OBJC_ROOT_CLASS = YES_ERROR;
				CLANG_WARN_RANGE_LOOP_ANALYSIS = YES;
				CLANG_WARN_STRICT_PROTOTYPES = YES;
				CLANG_WARN_SUSPICIOUS_MOVE = YES;
				CLANG_WARN_UNGUARDED_AVAILABILITY = YES_AGGRESSIVE;
				CLANG_WARN_UNREACHABLE_CODE = YES;
				CLANG_WARN__DUPLICATE_METHOD_MATCH = YES;
				CODE_SIGN_IDENTITY = "iPhone Developer";
				COPY_PHASE_STRIP = NO;
				DEBUG_INFORMATION_FORMAT = dwarf;
				ENABLE_STRICT_OBJC_MSGSEND = YES;
				ENABLE_TESTABILITY = YES;
				GCC_C_LANGUAGE_STANDARD = gnu11;
				GCC_DYNAMIC_NO_PIC = NO;
				GCC_NO_COMMON_BLOCKS = YES;
				GCC_OPTIMIZATION_LEVEL = 0;
				GCC_PREPROCESSOR_DEFINITIONS = (
					"DEBUG=1",
					"$(inherited)",
				);
				GCC_WARN_64_TO_32_BIT_CONVERSION = YES;
				GCC_WARN_ABOUT_RETURN_TYPE = YES_ERROR;
				GCC_WARN_UNDECLARED_SELECTOR = YES;
				GCC_WARN_UNINITIALIZED_AUTOS = YES_AGGRESSIVE;
				GCC_WARN_UNUSED_FUNCTION = YES;
				GCC_WARN_UNUSED_VARIABLE = YES;
				IPHONEOS_DEPLOYMENT_TARGET = 11.0;
				MTL_ENABLE_DEBUG_INFO = YES;
				ONLY_ACTIVE_ARCH = YES;
				SDKROOT = iphoneos;
				SWIFT_ACTIVE_COMPILATION_CONDITIONS = DEBUG;
				SWIFT_OPTIMIZATION_LEVEL = "-Onone";
			};
			name = Debug;
		};
		E9D94AF81FDDCA4600C2A284 /* Release */ = {
			isa = XCBuildConfiguration;
			buildSettings = {
				ALWAYS_SEARCH_USER_PATHS = NO;
				CLANG_ANALYZER_NONNULL = YES;
				CLANG_ANALYZER_NUMBER_OBJECT_CONVERSION = YES_AGGRESSIVE;
				CLANG_CXX_LANGUAGE_STANDARD = "gnu++14";
				CLANG_CXX_LIBRARY = "libc++";
				CLANG_ENABLE_MODULES = YES;
				CLANG_ENABLE_OBJC_ARC = YES;
				CLANG_WARN_BLOCK_CAPTURE_AUTORELEASING = YES;
				CLANG_WARN_BOOL_CONVERSION = YES;
				CLANG_WARN_COMMA = YES;
				CLANG_WARN_CONSTANT_CONVERSION = YES;
				CLANG_WARN_DIRECT_OBJC_ISA_USAGE = YES_ERROR;
				CLANG_WARN_DOCUMENTATION_COMMENTS = YES;
				CLANG_WARN_EMPTY_BODY = YES;
				CLANG_WARN_ENUM_CONVERSION = YES;
				CLANG_WARN_INFINITE_RECURSION = YES;
				CLANG_WARN_INT_CONVERSION = YES;
				CLANG_WARN_NON_LITERAL_NULL_CONVERSION = YES;
				CLANG_WARN_OBJC_LITERAL_CONVERSION = YES;
				CLANG_WARN_OBJC_ROOT_CLASS = YES_ERROR;
				CLANG_WARN_RANGE_LOOP_ANALYSIS = YES;
				CLANG_WARN_STRICT_PROTOTYPES = YES;
				CLANG_WARN_SUSPICIOUS_MOVE = YES;
				CLANG_WARN_UNGUARDED_AVAILABILITY = YES_AGGRESSIVE;
				CLANG_WARN_UNREACHABLE_CODE = YES;
				CLANG_WARN__DUPLICATE_METHOD_MATCH = YES;
				CODE_SIGN_IDENTITY = "iPhone Developer";
				COPY_PHASE_STRIP = NO;
				DEBUG_INFORMATION_FORMAT = "dwarf-with-dsym";
				ENABLE_NS_ASSERTIONS = NO;
				ENABLE_STRICT_OBJC_MSGSEND = YES;
				GCC_C_LANGUAGE_STANDARD = gnu11;
				GCC_NO_COMMON_BLOCKS = YES;
				GCC_WARN_64_TO_32_BIT_CONVERSION = YES;
				GCC_WARN_ABOUT_RETURN_TYPE = YES_ERROR;
				GCC_WARN_UNDECLARED_SELECTOR = YES;
				GCC_WARN_UNINITIALIZED_AUTOS = YES_AGGRESSIVE;
				GCC_WARN_UNUSED_FUNCTION = YES;
				GCC_WARN_UNUSED_VARIABLE = YES;
				IPHONEOS_DEPLOYMENT_TARGET = 11.0;
				MTL_ENABLE_DEBUG_INFO = NO;
				SDKROOT = iphoneos;
				SWIFT_OPTIMIZATION_LEVEL = "-Owholemodule";
				VALIDATE_PRODUCT = YES;
			};
			name = Release;
		};
		E9D94AFA1FDDCA4600C2A284 /* Debug */ = {
			isa = XCBuildConfiguration;
			buildSettings = {
				ASSETCATALOG_COMPILER_APPICON_NAME = AppIcon;
				CODE_SIGN_STYLE = Automatic;
				DEVELOPMENT_TEAM = "";
				FRAMEWORK_SEARCH_PATHS = (
					"$(inherited)",
					"$(PROJECT_DIR)/Carthage/Build/iOS",
				);
				INFOPLIST_FILE = "Swifty-Hacker-News/Info.plist";
				IPHONEOS_DEPLOYMENT_TARGET = 11.0;
				LD_RUNPATH_SEARCH_PATHS = "$(inherited) @executable_path/Frameworks";
				PRODUCT_BUNDLE_IDENTIFIER = "fr.Dean.Swifty-Hacker-News";
				PRODUCT_NAME = "$(TARGET_NAME)";
				SWIFT_VERSION = 4.0;
				TARGETED_DEVICE_FAMILY = "1,2";
			};
			name = Debug;
		};
		E9D94AFB1FDDCA4600C2A284 /* Release */ = {
			isa = XCBuildConfiguration;
			buildSettings = {
				ASSETCATALOG_COMPILER_APPICON_NAME = AppIcon;
				CODE_SIGN_STYLE = Automatic;
				DEVELOPMENT_TEAM = "";
				FRAMEWORK_SEARCH_PATHS = (
					"$(inherited)",
					"$(PROJECT_DIR)/Carthage/Build/iOS",
				);
				INFOPLIST_FILE = "Swifty-Hacker-News/Info.plist";
				IPHONEOS_DEPLOYMENT_TARGET = 11.0;
				LD_RUNPATH_SEARCH_PATHS = "$(inherited) @executable_path/Frameworks";
				PRODUCT_BUNDLE_IDENTIFIER = "fr.Dean.Swifty-Hacker-News";
				PRODUCT_NAME = "$(TARGET_NAME)";
				SWIFT_VERSION = 4.0;
				TARGETED_DEVICE_FAMILY = "1,2";
			};
			name = Release;
		};
/* End XCBuildConfiguration section */

/* Begin XCConfigurationList section */
		E9D94ADF1FDDCA4600C2A284 /* Build configuration list for PBXProject "Swifty-Hacker-News" */ = {
			isa = XCConfigurationList;
			buildConfigurations = (
				E9D94AF71FDDCA4600C2A284 /* Debug */,
				E9D94AF81FDDCA4600C2A284 /* Release */,
			);
			defaultConfigurationIsVisible = 0;
			defaultConfigurationName = Release;
		};
		E9D94AF91FDDCA4600C2A284 /* Build configuration list for PBXNativeTarget "Swifty-Hacker-News" */ = {
			isa = XCConfigurationList;
			buildConfigurations = (
				E9D94AFA1FDDCA4600C2A284 /* Debug */,
				E9D94AFB1FDDCA4600C2A284 /* Release */,
			);
			defaultConfigurationIsVisible = 0;
			defaultConfigurationName = Release;
		};
/* End XCConfigurationList section */

/* Begin XCVersionGroup section */
		E9D94AEE1FDDCA4600C2A284 /* Swifty_Hacker_News.xcdatamodeld */ = {
			isa = XCVersionGroup;
			children = (
				E9D94AEF1FDDCA4600C2A284 /* Swifty_Hacker_News.xcdatamodel */,
			);
			currentVersion = E9D94AEF1FDDCA4600C2A284 /* Swifty_Hacker_News.xcdatamodel */;
			path = Swifty_Hacker_News.xcdatamodeld;
			sourceTree = "<group>";
			versionGroupType = wrapper.xcdatamodel;
		};
/* End XCVersionGroup section */
	};
	rootObject = E9D94ADC1FDDCA4600C2A284 /* Project object */;
}
